
Microsoft Visual Studio Solution File, Format Version 12.00
# Visual Studio 15
VisualStudioVersion = 15.0.28307.1209
MinimumVisualStudioVersion = 10.0.40219.1
Project("{9A19103F-16F7-4668-BE54-9A1E7A4F7556}") = "FunctionalBlockSwap", "FunctionalBlockSwap.csproj", "{EB3B62AB-A7DC-4FAB-A69B-8951B9C65D83}"
EndProject
Global
	GlobalSection(SolutionConfigurationPlatforms) = preSolution
		Debug|Any CPU = Debug|Any CPU
		Release|Any CPU = Release|Any CPU
	EndGlobalSection
	GlobalSection(ProjectConfigurationPlatforms) = postSolution
		{EB3B62AB-A7DC-4FAB-A69B-8951B9C65D83}.Debug|Any CPU.ActiveCfg = Debug|Any CPU
		{EB3B62AB-A7DC-4FAB-A69B-8951B9C65D83}.Debug|Any CPU.Build.0 = Debug|Any CPU
		{EB3B62AB-A7DC-4FAB-A69B-8951B9C65D83}.Release|Any CPU.ActiveCfg = Release|Any CPU
		{EB3B62AB-A7DC-4FAB-A69B-8951B9C65D83}.Release|Any CPU.Build.0 = Release|Any CPU
	EndGlobalSection
	GlobalSection(SolutionProperties) = preSolution
		HideSolutionNode = FALSE
	EndGlobalSection
	GlobalSection(ExtensibilityGlobals) = postSolution
		SolutionGuid = {A526EE88-33AA-4E21-BAC4-6DA35CFD183C}
	EndGlobalSection
EndGlobal
